// !$*UTF8*$!
{
	archiveVersion = 1;
	classes = {
	};
	objectVersion = 55;
	objects = {

/* Begin PBXBuildFile section */
		ED563889286B112E003D7B42 /* AppDelegate.swift in Sources */ = {isa = PBXBuildFile; fileRef = ED563888286B112E003D7B42 /* AppDelegate.swift */; };
		ED56388B286B112E003D7B42 /* SceneDelegate.swift in Sources */ = {isa = PBXBuildFile; fileRef = ED56388A286B112E003D7B42 /* SceneDelegate.swift */; };
		ED563890286B112E003D7B42 /* Main.storyboard in Resources */ = {isa = PBXBuildFile; fileRef = ED56388E286B112E003D7B42 /* Main.storyboard */; };
		ED563892286B1131003D7B42 /* Assets.xcassets in Resources */ = {isa = PBXBuildFile; fileRef = ED563891286B1131003D7B42 /* Assets.xcassets */; };
		ED563895286B1131003D7B42 /* LaunchScreen.storyboard in Resources */ = {isa = PBXBuildFile; fileRef = ED563893286B1131003D7B42 /* LaunchScreen.storyboard */; };
		ED5638A0286B170E003D7B42 /* Article.swift in Sources */ = {isa = PBXBuildFile; fileRef = ED56389F286B170E003D7B42 /* Article.swift */; };
		ED5638A2286B17C5003D7B42 /* Model .swift in Sources */ = {isa = PBXBuildFile; fileRef = ED5638A1286B17C5003D7B42 /* Model .swift */; };
		EDC26855286C767E00394D3F /* TableViewController.swift in Sources */ = {isa = PBXBuildFile; fileRef = EDC26854286C767E00394D3F /* TableViewController.swift */; };
		EDC26857286C7AED00394D3F /* OneNewsViewController.swift in Sources */ = {isa = PBXBuildFile; fileRef = EDC26856286C7AED00394D3F /* OneNewsViewController.swift */; };
		EDC26859286C9FF000394D3F /* PageViewController.swift in Sources */ = {isa = PBXBuildFile; fileRef = EDC26858286C9FF000394D3F /* PageViewController.swift */; };
/* End PBXBuildFile section */

/* Begin PBXFileReference section */
		ED563885286B112E003D7B42 /* New App teaching.app */ = {isa = PBXFileReference; explicitFileType = wrapper.application; includeInIndex = 0; path = "New App teaching.app"; sourceTree = BUILT_PRODUCTS_DIR; };
		ED563888286B112E003D7B42 /* AppDelegate.swift */ = {isa = PBXFileReference; lastKnownFileType = sourcecode.swift; path = AppDelegate.swift; sourceTree = "<group>"; };
		ED56388A286B112E003D7B42 /* SceneDelegate.swift */ = {isa = PBXFileReference; lastKnownFileType = sourcecode.swift; path = SceneDelegate.swift; sourceTree = "<group>"; };
		ED56388F286B112E003D7B42 /* Base */ = {isa = PBXFileReference; lastKnownFileType = file.storyboard; name = Base; path = Base.lproj/Main.storyboard; sourceTree = "<group>"; };
		ED563891286B1131003D7B42 /* Assets.xcassets */ = {isa = PBXFileReference; lastKnownFileType = folder.assetcatalog; path = Assets.xcassets; sourceTree = "<group>"; };
		ED563894286B1131003D7B42 /* Base */ = {isa = PBXFileReference; lastKnownFileType = file.storyboard; name = Base; path = Base.lproj/LaunchScreen.storyboard; sourceTree = "<group>"; };
		ED563896286B1131003D7B42 /* Info.plist */ = {isa = PBXFileReference; lastKnownFileType = text.plist.xml; path = Info.plist; sourceTree = "<group>"; };
		ED56389F286B170E003D7B42 /* Article.swift */ = {isa = PBXFileReference; lastKnownFileType = sourcecode.swift; path = Article.swift; sourceTree = "<group>"; };
		ED5638A1286B17C5003D7B42 /* Model .swift */ = {isa = PBXFileReference; lastKnownFileType = sourcecode.swift; path = "Model .swift"; sourceTree = "<group>"; };
		EDC26854286C767E00394D3F /* TableViewController.swift */ = {isa = PBXFileReference; lastKnownFileType = sourcecode.swift; path = TableViewController.swift; sourceTree = "<group>"; };
		EDC26856286C7AED00394D3F /* OneNewsViewController.swift */ = {isa = PBXFileReference; lastKnownFileType = sourcecode.swift; path = OneNewsViewController.swift; sourceTree = "<group>"; };
		EDC26858286C9FF000394D3F /* PageViewController.swift */ = {isa = PBXFileReference; lastKnownFileType = sourcecode.swift; path = PageViewController.swift; sourceTree = "<group>"; };
/* End PBXFileReference section */

/* Begin PBXFrameworksBuildPhase section */
		ED563882286B112E003D7B42 /* Frameworks */ = {
			isa = PBXFrameworksBuildPhase;
			buildActionMask = 2147483647;
			files = (
			);
			runOnlyForDeploymentPostprocessing = 0;
		};
/* End PBXFrameworksBuildPhase section */

/* Begin PBXGroup section */
		ED56387C286B112E003D7B42 = {
			isa = PBXGroup;
			children = (
				ED563887286B112E003D7B42 /* New App teaching */,
				ED563886286B112E003D7B42 /* Products */,
			);
			sourceTree = "<group>";
		};
		ED563886286B112E003D7B42 /* Products */ = {
			isa = PBXGroup;
			children = (
				ED563885286B112E003D7B42 /* New App teaching.app */,
			);
			name = Products;
			sourceTree = "<group>";
		};
		ED563887286B112E003D7B42 /* New App teaching */ = {
			isa = PBXGroup;
			children = (
				ED563888286B112E003D7B42 /* AppDelegate.swift */,
				ED56388A286B112E003D7B42 /* SceneDelegate.swift */,
				ED56389C286B1622003D7B42 /* Model */,
				ED56389D286B164E003D7B42 /* View */,
				ED56389E286B1672003D7B42 /* Controller */,
				ED563891286B1131003D7B42 /* Assets.xcassets */,
				ED563893286B1131003D7B42 /* LaunchScreen.storyboard */,
				ED563896286B1131003D7B42 /* Info.plist */,
			);
			path = "New App teaching";
			sourceTree = "<group>";
		};
		ED56389C286B1622003D7B42 /* Model */ = {
			isa = PBXGroup;
			children = (
				ED56389F286B170E003D7B42 /* Article.swift */,
				ED5638A1286B17C5003D7B42 /* Model .swift */,
			);
			path = Model;
			sourceTree = "<group>";
		};
		ED56389D286B164E003D7B42 /* View */ = {
			isa = PBXGroup;
			children = (
				ED56388E286B112E003D7B42 /* Main.storyboard */,
			);
			path = View;
			sourceTree = "<group>";
		};
		ED56389E286B1672003D7B42 /* Controller */ = {
			isa = PBXGroup;
			children = (
				EDC26854286C767E00394D3F /* TableViewController.swift */,
				EDC26858286C9FF000394D3F /* PageViewController.swift */,
				EDC26856286C7AED00394D3F /* OneNewsViewController.swift */,
			);
			path = Controller;
			sourceTree = "<group>";
		};
/* End PBXGroup section */

/* Begin PBXNativeTarget section */
		ED563884286B112E003D7B42 /* New App teaching */ = {
			isa = PBXNativeTarget;
			buildConfigurationList = ED563899286B1131003D7B42 /* Build configuration list for PBXNativeTarget "New App teaching" */;
			buildPhases = (
				ED563881286B112E003D7B42 /* Sources */,
				ED563882286B112E003D7B42 /* Frameworks */,
				ED563883286B112E003D7B42 /* Resources */,
			);
			buildRules = (
			);
			dependencies = (
			);
			name = "New App teaching";
			productName = "New App teaching";
			productReference = ED563885286B112E003D7B42 /* New App teaching.app */;
			productType = "com.apple.product-type.application";
		};
/* End PBXNativeTarget section */

/* Begin PBXProject section */
		ED56387D286B112E003D7B42 /* Project object */ = {
			isa = PBXProject;
			attributes = {
				BuildIndependentTargetsInParallel = 1;
				LastSwiftUpdateCheck = 1300;
				LastUpgradeCheck = 1300;
				TargetAttributes = {
					ED563884286B112E003D7B42 = {
						CreatedOnToolsVersion = 13.0;
					};
				};
			};
			buildConfigurationList = ED563880286B112E003D7B42 /* Build configuration list for PBXProject "New App teaching" */;
			compatibilityVersion = "Xcode 13.0";
			developmentRegion = en;
			hasScannedForEncodings = 0;
			knownRegions = (
				en,
				Base,
			);
			mainGroup = ED56387C286B112E003D7B42;
			productRefGroup = ED563886286B112E003D7B42 /* Products */;
			projectDirPath = "";
			projectRoot = "";
			targets = (
				ED563884286B112E003D7B42 /* New App teaching */,
			);
		};
/* End PBXProject section */

/* Begin PBXResourcesBuildPhase section */
		ED563883286B112E003D7B42 /* Resources */ = {
			isa = PBXResourcesBuildPhase;
			buildActionMask = 2147483647;
			files = (
				ED563895286B1131003D7B42 /* LaunchScreen.storyboard in Resources */,
				ED563892286B1131003D7B42 /* Assets.xcassets in Resources */,
				ED563890286B112E003D7B42 /* Main.storyboard in Resources */,
			);
			runOnlyForDeploymentPostprocessing = 0;
		};
/* End PBXResourcesBuildPhase section */

/* Begin PBXSourcesBuildPhase section */
		ED563881286B112E003D7B42 /* Sources */ = {
			isa = PBXSourcesBuildPhase;
			buildActionMask = 2147483647;
			files = (
				ED5638A0286B170E003D7B42 /* Article.swift in Sources */,
				EDC26859286C9FF000394D3F /* PageViewController.swift in Sources */,
				EDC26855286C767E00394D3F /* TableViewController.swift in Sources */,
				ED563889286B112E003D7B42 /* AppDelegate.swift in Sources */,
				ED56388B286B112E003D7B42 /* SceneDelegate.swift in Sources */,
				EDC26857286C7AED00394D3F /* OneNewsViewController.swift in Sources */,
				ED5638A2286B17C5003D7B42 /* Model .swift in Sources */,
			);
			runOnlyForDeploymentPostprocessing = 0;
		};
/* End PBXSourcesBuildPhase section */

/* Begin PBXVariantGroup section */
		ED56388E286B112E003D7B42 /* Main.storyboard */ = {
			isa = PBXVariantGroup;
			children = (
				ED56388F286B112E003D7B42 /* Base */,
			);
			name = Main.storyboard;
			sourceTree = "<group>";
		};
		ED563893286B1131003D7B42 /* LaunchScreen.storyboard */ = {
			isa = PBXVariantGroup;
			children = (
				ED563894286B1131003D7B42 /* Base */,
			);
			name = LaunchScreen.storyboard;
			sourceTree = "<group>";
		};
/* End PBXVariantGroup section */

/* Begin XCBuildConfiguration section */
		ED563897286B1131003D7B42 /* Debug */ = {
			isa = XCBuildConfiguration;
			buildSettings = {
				ALWAYS_SEARCH_USER_PATHS = NO;
				CLANG_ANALYZER_NONNULL = YES;
				CLANG_ANALYZER_NUMBER_OBJECT_CONVERSION = YES_AGGRESSIVE;
				CLANG_CXX_LANGUAGE_STANDARD = "gnu++17";
				CLANG_CXX_LIBRARY = "libc++";
				CLANG_ENABLE_MODULES = YES;
				CLANG_ENABLE_OBJC_ARC = YES;
				CLANG_ENABLE_OBJC_WEAK = YES;
				CLANG_WARN_BLOCK_CAPTURE_AUTORELEASING = YES;
				CLANG_WARN_BOOL_CONVERSION = YES;
				CLANG_WARN_COMMA = YES;
				CLANG_WARN_CONSTANT_CONVERSION = YES;
				CLANG_WARN_DEPRECATED_OBJC_IMPLEMENTATIONS = YES;
				CLANG_WARN_DIRECT_OBJC_ISA_USAGE = YES_ERROR;
				CLANG_WARN_DOCUMENTATION_COMMENTS = YES;
				CLANG_WARN_EMPTY_BODY = YES;
				CLANG_WARN_ENUM_CONVERSION = YES;
				CLANG_WARN_INFINITE_RECURSION = YES;
				CLANG_WARN_INT_CONVERSION = YES;
				CLANG_WARN_NON_LITERAL_NULL_CONVERSION = YES;
				CLANG_WARN_OBJC_IMPLICIT_RETAIN_SELF = YES;
				CLANG_WARN_OBJC_LITERAL_CONVERSION = YES;
				CLANG_WARN_OBJC_ROOT_CLASS = YES_ERROR;
				CLANG_WARN_QUOTED_INCLUDE_IN_FRAMEWORK_HEADER = YES;
				CLANG_WARN_RANGE_LOOP_ANALYSIS = YES;
				CLANG_WARN_STRICT_PROTOTYPES = YES;
				CLANG_WARN_SUSPICIOUS_MOVE = YES;
				CLANG_WARN_UNGUARDED_AVAILABILITY = YES_AGGRESSIVE;
				CLANG_WARN_UNREACHABLE_CODE = YES;
				CLANG_WARN__DUPLICATE_METHOD_MATCH = YES;
				COPY_PHASE_STRIP = NO;
				DEBUG_INFORMATION_FORMAT = dwarf;
				ENABLE_STRICT_OBJC_MSGSEND = YES;
				ENABLE_TESTABILITY = YES;
				GCC_C_LANGUAGE_STANDARD = gnu11;
				GCC_DYNAMIC_NO_PIC = NO;
				GCC_NO_COMMON_BLOCKS = YES;
				GCC_OPTIMIZATION_LEVEL = 0;
				GCC_PREPROCESSOR_DEFINITIONS = (
					"DEBUG=1",
					"$(inherited)",
				);
				GCC_WARN_64_TO_32_BIT_CONVERSION = YES;
				GCC_WARN_ABOUT_RETURN_TYPE = YES_ERROR;
				GCC_WARN_UNDECLARED_SELECTOR = YES;
				GCC_WARN_UNINITIALIZED_AUTOS = YES_AGGRESSIVE;
				GCC_WARN_UNUSED_FUNCTION = YES;
				GCC_WARN_UNUSED_VARIABLE = YES;
				IPHONEOS_DEPLOYMENT_TARGET = 15.0;
				MTL_ENABLE_DEBUG_INFO = INCLUDE_SOURCE;
				MTL_FAST_MATH = YES;
				ONLY_ACTIVE_ARCH = YES;
				SDKROOT = iphoneos;
				SWIFT_ACTIVE_COMPILATION_CONDITIONS = DEBUG;
				SWIFT_OPTIMIZATION_LEVEL = "-Onone";
			};
			name = Debug;
		};
		ED563898286B1131003D7B42 /* Release */ = {
			isa = XCBuildConfiguration;
			buildSettings = {
				ALWAYS_SEARCH_USER_PATHS = NO;
				CLANG_ANALYZER_NONNULL = YES;
				CLANG_ANALYZER_NUMBER_OBJECT_CONVERSION = YES_AGGRESSIVE;
				CLANG_CXX_LANGUAGE_STANDARD = "gnu++17";
				CLANG_CXX_LIBRARY = "libc++";
				CLANG_ENABLE_MODULES = YES;
				CLANG_ENABLE_OBJC_ARC = YES;
				CLANG_ENABLE_OBJC_WEAK = YES;
				CLANG_WARN_BLOCK_CAPTURE_AUTORELEASING = YES;
				CLANG_WARN_BOOL_CONVERSION = YES;
				CLANG_WARN_COMMA = YES;
				CLANG_WARN_CONSTANT_CONVERSION = YES;
				CLANG_WARN_DEPRECATED_OBJC_IMPLEMENTATIONS = YES;
				CLANG_WARN_DIRECT_OBJC_ISA_USAGE = YES_ERROR;
				CLANG_WARN_DOCUMENTATION_COMMENTS = YES;
				CLANG_WARN_EMPTY_BODY = YES;
				CLANG_WARN_ENUM_CONVERSION = YES;
				CLANG_WARN_INFINITE_RECURSION = YES;
				CLANG_WARN_INT_CONVERSION = YES;
				CLANG_WARN_NON_LITERAL_NULL_CONVERSION = YES;
				CLANG_WARN_OBJC_IMPLICIT_RETAIN_SELF = YES;
				CLANG_WARN_OBJC_LITERAL_CONVERSION = YES;
				CLANG_WARN_OBJC_ROOT_CLASS = YES_ERROR;
				CLANG_WARN_QUOTED_INCLUDE_IN_FRAMEWORK_HEADER = YES;
				CLANG_WARN_RANGE_LOOP_ANALYSIS = YES;
				CLANG_WARN_STRICT_PROTOTYPES = YES;
				CLANG_WARN_SUSPICIOUS_MOVE = YES;
				CLANG_WARN_UNGUARDED_AVAILABILITY = YES_AGGRESSIVE;
				CLANG_WARN_UNREACHABLE_CODE = YES;
				CLANG_WARN__DUPLICATE_METHOD_MATCH = YES;
				COPY_PHASE_STRIP = NO;
				DEBUG_INFORMATION_FORMAT = "dwarf-with-dsym";
				ENABLE_NS_ASSERTIONS = NO;
				ENABLE_STRICT_OBJC_MSGSEND = YES;
				GCC_C_LANGUAGE_STANDARD = gnu11;
				GCC_NO_COMMON_BLOCKS = YES;
				GCC_WARN_64_TO_32_BIT_CONVERSION = YES;
				GCC_WARN_ABOUT_RETURN_TYPE = YES_ERROR;
				GCC_WARN_UNDECLARED_SELECTOR = YES;
				GCC_WARN_UNINITIALIZED_AUTOS = YES_AGGRESSIVE;
				GCC_WARN_UNUSED_FUNCTION = YES;
				GCC_WARN_UNUSED_VARIABLE = YES;
				IPHONEOS_DEPLOYMENT_TARGET = 15.0;
				MTL_ENABLE_DEBUG_INFO = NO;
				MTL_FAST_MATH = YES;
				SDKROOT = iphoneos;
				SWIFT_COMPILATION_MODE = wholemodule;
				SWIFT_OPTIMIZATION_LEVEL = "-O";
				VALIDATE_PRODUCT = YES;
			};
			name = Release;
		};
		ED56389A286B1131003D7B42 /* Debug */ = {
			isa = XCBuildConfiguration;
			buildSettings = {
				ASSETCATALOG_COMPILER_APPICON_NAME = AppIcon;
				ASSETCATALOG_COMPILER_GLOBAL_ACCENT_COLOR_NAME = AccentColor;
				CODE_SIGN_STYLE = Automatic;
				CURRENT_PROJECT_VERSION = 1;
				DEVELOPMENT_TEAM = CSS48FCS24;
				GENERATE_INFOPLIST_FILE = YES;
				INFOPLIST_FILE = "New App teaching/Info.plist";
				INFOPLIST_KEY_UIApplicationSupportsIndirectInputEvents = YES;
				INFOPLIST_KEY_UILaunchStoryboardName = LaunchScreen;
				INFOPLIST_KEY_UIMainStoryboardFile = Main;
				INFOPLIST_KEY_UISupportedInterfaceOrientations_iPad = "UIInterfaceOrientationPortrait UIInterfaceOrientationPortraitUpsideDown UIInterfaceOrientationLandscapeLeft UIInterfaceOrientationLandscapeRight";
				INFOPLIST_KEY_UISupportedInterfaceOrientations_iPhone = "UIInterfaceOrientationPortrait UIInterfaceOrientationLandscapeLeft UIInterfaceOrientationLandscapeRight";
				LD_RUNPATH_SEARCH_PATHS = (
					"$(inherited)",
					"@executable_path/Frameworks",
				);
				MARKETING_VERSION = 1.0;
				PRODUCT_BUNDLE_IDENTIFIER = "Kirill-Khomicevich.New-App-teaching";
				PRODUCT_NAME = "$(TARGET_NAME)";
				SWIFT_EMIT_LOC_STRINGS = YES;
				SWIFT_VERSION = 5.0;
				TARGETED_DEVICE_FAMILY = "1,2";
			};
			name = Debug;
		};
		ED56389B286B1131003D7B42 /* Release */ = {
			isa = XCBuildConfiguration;
			buildSettings = {
				ASSETCATALOG_COMPILER_APPICON_NAME = AppIcon;
				ASSETCATALOG_COMPILER_GLOBAL_ACCENT_COLOR_NAME = AccentColor;
				CODE_SIGN_STYLE = Automatic;
				CURRENT_PROJECT_VERSION = 1;
				DEVELOPMENT_TEAM = CSS48FCS24;
				GENERATE_INFOPLIST_FILE = YES;
				INFOPLIST_FILE = "New App teaching/Info.plist";
				INFOPLIST_KEY_UIApplicationSupportsIndirectInputEvents = YES;
				INFOPLIST_KEY_UILaunchStoryboardName = LaunchScreen;
				INFOPLIST_KEY_UIMainStoryboardFile = Main;
				INFOPLIST_KEY_UISupportedInterfaceOrientations_iPad = "UIInterfaceOrientationPortrait UIInterfaceOrientationPortraitUpsideDown UIInterfaceOrientationLandscapeLeft UIInterfaceOrientationLandscapeRight";
				INFOPLIST_KEY_UISupportedInterfaceOrientations_iPhone = "UIInterfaceOrientationPortrait UIInterfaceOrientationLandscapeLeft UIInterfaceOrientationLandscapeRight";
				LD_RUNPATH_SEARCH_PATHS = (
					"$(inherited)",
					"@executable_path/Frameworks",
				);
				MARKETING_VERSION = 1.0;
				PRODUCT_BUNDLE_IDENTIFIER = "Kirill-Khomicevich.New-App-teaching";
				PRODUCT_NAME = "$(TARGET_NAME)";
				SWIFT_EMIT_LOC_STRINGS = YES;
				SWIFT_VERSION = 5.0;
				TARGETED_DEVICE_FAMILY = "1,2";
			};
			name = Release;
		};
/* End XCBuildConfiguration section */

/* Begin XCConfigurationList section */
		ED563880286B112E003D7B42 /* Build configuration list for PBXProject "New App teaching" */ = {
			isa = XCConfigurationList;
			buildConfigurations = (
				ED563897286B1131003D7B42 /* Debug */,
				ED563898286B1131003D7B42 /* Release */,
			);
			defaultConfigurationIsVisible = 0;
			defaultConfigurationName = Release;
		};
		ED563899286B1131003D7B42 /* Build configuration list for PBXNativeTarget "New App teaching" */ = {
			isa = XCConfigurationList;
			buildConfigurations = (
				ED56389A286B1131003D7B42 /* Debug */,
				ED56389B286B1131003D7B42 /* Release */,
			);
			defaultConfigurationIsVisible = 0;
			defaultConfigurationName = Release;
		};
/* End XCConfigurationList section */
	};
	rootObject = ED56387D286B112E003D7B42 /* Project object */;
}
